version = 1
revision = 3
requires-python = ">=3.12"

[[package]]
name = "alert"
version = "0.1.0"
source = { virtual = "." }
dependencies = [
    { name = "plotly" },
]

[package.metadata]
requires-dist = [{ name = "plotly", specifier = ">=6.3.1" }]

[[package]]
name = "narwhals"
version = "2.10.1"
source = { registry = "https://pypi.org/simple" }
sdist = { url = "https://files.pythonhosted.org/packages/79/c4/71f10e273c7192ace91b22766e1955f99be14980079147b492f5f9b5cbd5/narwhals-2.10.1.tar.gz", hash = "sha256:d6e3a9b1c0904a82984dec58a3d12b3bc08e9d61bbee639e7bb05349e663d036", size = 584727, upload-time = "2025-10-31T17:09:30.745Z" }
wheels = [
    { url = "https://files.pythonhosted.org/packages/62/cd/9481a199a086ac9f91eaa232b56cff90ca7fdc2cb6658de93825b1007094/narwhals-2.10.1-py3-none-any.whl", hash = "sha256:eed3d9ec8f821963456fef306c1ad11017995982169fca1f38f71c97d6a97b9b", size = 419490, upload-time = "2025-10-31T17:09:28.898Z" },
]

[[package]]
name = "packaging"
version = "25.0"
source = { registry = "https://pypi.org/simple" }
sdist = { url = "https://files.pythonhosted.org/packages/a1/d4/1fc4078c65507b51b96ca8f8c3ba19e6a61c8253c72794544580a7b6c24d/packaging-25.0.tar.gz", hash = "sha256:d443872c98d677bf60f6a1f2f8c1cb748e8fe762d2bf9d3148b5599295b0fc4f", size = 165727, upload-time = "2025-04-19T11:48:59.673Z" }
wheels = [
    { url = "https://files.pythonhosted.org/packages/20/12/38679034af332785aac8774540895e234f4d07f7545804097de4b666afd8/packaging-25.0-py3-none-any.whl", hash = "sha256:29572ef2b1f17581046b3a2227d5c611fb25ec70ca1ba8554b24b0e69331a484", size = 66469, upload-time = "2025-04-19T11:48:57.875Z" },
]

[[package]]
name = "plotly"
version = "6.3.1"
source = { registry = "https://pypi.org/simple" }
dependencies = [
    { name = "narwhals" },
    { name = "packaging" },
]
sdist = { url = "https://files.pythonhosted.org/packages/0c/63/961d47c9ffd592a575495891cdcf7875dc0903ebb33ac238935714213789/plotly-6.3.1.tar.gz", hash = "sha256:dd896e3d940e653a7ce0470087e82c2bd903969a55e30d1b01bb389319461bb0", size = 6956460, upload-time = "2025-10-02T16:10:34.16Z" }
wheels = [
    { url = "https://files.pythonhosted.org/packages/3f/93/023955c26b0ce614342d11cc0652f1e45e32393b6ab9d11a664a60e9b7b7/plotly-6.3.1-py3-none-any.whl", hash = "sha256:8b4420d1dcf2b040f5983eed433f95732ed24930e496d36eb70d211923532e64", size = 9833698, upload-time = "2025-10-02T16:10:22.584Z" },
]
